
Microsoft Visual Studio Solution File, Format Version 12.00
# Visual Studio Version 17
VisualStudioVersion = 17.0.31903.59
MinimumVisualStudioVersion = 10.0.40219.1
Project("{2150E333-8FDC-42A3-9474-1A3956D46DE8}") = "src", "src", "{EC40B86C-FD5E-4E99-B735-A52FC99C70F5}"
EndProject
Project("{FAE04EC0-301F-11D3-BF4B-00C04F79EFBC}") = "DeckOverflow.Web", "src\DeckOverflow.Web\DeckOverflow.Web.csproj", "{73B476A6-C775-450C-B986-B47E18F4FE1C}"
EndProject
Project("{FAE04EC0-301F-11D3-BF4B-00C04F79EFBC}") = "DeckOverflow.Core", "src\DeckOverflow.Core\DeckOverflow.Core.csproj", "{FA964A6B-3B4C-4E45-9083-E0C38EEC3C31}"
EndProject
Project("{FAE04EC0-301F-11D3-BF4B-00C04F79EFBC}") = "DeckOverflow.CardHall", "src\DeckOverflow.CardHall\DeckOverflow.CardHall.csproj", "{53B98445-DB7C-464C-907B-887CD36044C3}"
EndProject
Project("{2150E333-8FDC-42A3-9474-1A3956D46DE8}") = "tests", "tests", "{0AB3BF05-4346-4AA6-1389-037BE0695223}"
EndProject
Project("{FAE04EC0-301F-11D3-BF4B-00C04F79EFBC}") = "DeckOverflow.Core.Tests", "tests\DeckOverflow.Core.Tests\DeckOverflow.Core.Tests.csproj", "{0E5A1A20-AFDB-4E5A-91EF-754D2E765646}"
EndProject
Project("{FAE04EC0-301F-11D3-BF4B-00C04F79EFBC}") = "DeckOverflow.CardHall.Tests", "tests\DeckOverflow.CardHall.Tests\DeckOverflow.CardHall.Tests.csproj", "{BC10EA53-F5FA-4CC3-A1DA-7978AF1FC3A5}"
EndProject
Project("{FAE04EC0-301F-11D3-BF4B-00C04F79EFBC}") = "DeckOverflow.ControlRoom", "src\DeckOverflow.ControlRoom\DeckOverflow.ControlRoom.csproj", "{0D2387B4-AD8F-43DD-BC58-C65F444147DD}"
EndProject
Project("{FAE04EC0-301F-11D3-BF4B-00C04F79EFBC}") = "DeckOverflow.ControlRoom.Tests", "tests\DeckOverflow.ControlRoom.Tests\DeckOverflow.ControlRoom.Tests.csproj", "{F9B576F5-171F-47D1-9FBC-9D6025DF1F76}"
EndProject
Project("{FAE04EC0-301F-11D3-BF4B-00C04F79EFBC}") = "DeckOverflow.ConveyorBelt", "src\DeckOverflow.ConveyorBelt\DeckOverflow.ConveyorBelt.csproj", "{E87DFB87-9F62-44C3-A83A-676DF1E41840}"
EndProject
Project("{FAE04EC0-301F-11D3-BF4B-00C04F79EFBC}") = "DeckOverflow.ConveyorBelt.Tests", "tests\DeckOverflow.ConveyorBelt.Tests\DeckOverflow.ConveyorBelt.Tests.csproj", "{B3589137-E901-481E-991C-4A4A0B3676D6}"
EndProject
Global
	GlobalSection(SolutionConfigurationPlatforms) = preSolution
		Debug|Any CPU = Debug|Any CPU
		Debug|x64 = Debug|x64
		Debug|x86 = Debug|x86
		Release|Any CPU = Release|Any CPU
		Release|x64 = Release|x64
		Release|x86 = Release|x86
	EndGlobalSection
	GlobalSection(ProjectConfigurationPlatforms) = postSolution
		{73B476A6-C775-450C-B986-B47E18F4FE1C}.Debug|Any CPU.ActiveCfg = Debug|Any CPU
		{73B476A6-C775-450C-B986-B47E18F4FE1C}.Debug|Any CPU.Build.0 = Debug|Any CPU
		{73B476A6-C775-450C-B986-B47E18F4FE1C}.Debug|x64.ActiveCfg = Debug|Any CPU
		{73B476A6-C775-450C-B986-B47E18F4FE1C}.Debug|x64.Build.0 = Debug|Any CPU
		{73B476A6-C775-450C-B986-B47E18F4FE1C}.Debug|x86.ActiveCfg = Debug|Any CPU
		{73B476A6-C775-450C-B986-B47E18F4FE1C}.Debug|x86.Build.0 = Debug|Any CPU
		{73B476A6-C775-450C-B986-B47E18F4FE1C}.Release|Any CPU.ActiveCfg = Release|Any CPU
		{73B476A6-C775-450C-B986-B47E18F4FE1C}.Release|Any CPU.Build.0 = Release|Any CPU
		{73B476A6-C775-450C-B986-B47E18F4FE1C}.Release|x64.ActiveCfg = Release|Any CPU
		{73B476A6-C775-450C-B986-B47E18F4FE1C}.Release|x64.Build.0 = Release|Any CPU
		{73B476A6-C775-450C-B986-B47E18F4FE1C}.Release|x86.ActiveCfg = Release|Any CPU
		{73B476A6-C775-450C-B986-B47E18F4FE1C}.Release|x86.Build.0 = Release|Any CPU
		{FA964A6B-3B4C-4E45-9083-E0C38EEC3C31}.Debug|Any CPU.ActiveCfg = Debug|Any CPU
		{FA964A6B-3B4C-4E45-9083-E0C38EEC3C31}.Debug|Any CPU.Build.0 = Debug|Any CPU
		{FA964A6B-3B4C-4E45-9083-E0C38EEC3C31}.Debug|x64.ActiveCfg = Debug|Any CPU
		{FA964A6B-3B4C-4E45-9083-E0C38EEC3C31}.Debug|x64.Build.0 = Debug|Any CPU
		{FA964A6B-3B4C-4E45-9083-E0C38EEC3C31}.Debug|x86.ActiveCfg = Debug|Any CPU
		{FA964A6B-3B4C-4E45-9083-E0C38EEC3C31}.Debug|x86.Build.0 = Debug|Any CPU
		{FA964A6B-3B4C-4E45-9083-E0C38EEC3C31}.Release|Any CPU.ActiveCfg = Release|Any CPU
		{FA964A6B-3B4C-4E45-9083-E0C38EEC3C31}.Release|Any CPU.Build.0 = Release|Any CPU
		{FA964A6B-3B4C-4E45-9083-E0C38EEC3C31}.Release|x64.ActiveCfg = Release|Any CPU
		{FA964A6B-3B4C-4E45-9083-E0C38EEC3C31}.Release|x64.Build.0 = Release|Any CPU
		{FA964A6B-3B4C-4E45-9083-E0C38EEC3C31}.Release|x86.ActiveCfg = Release|Any CPU
		{FA964A6B-3B4C-4E45-9083-E0C38EEC3C31}.Release|x86.Build.0 = Release|Any CPU
		{53B98445-DB7C-464C-907B-887CD36044C3}.Debug|Any CPU.ActiveCfg = Debug|Any CPU
		{53B98445-DB7C-464C-907B-887CD36044C3}.Debug|Any CPU.Build.0 = Debug|Any CPU
		{53B98445-DB7C-464C-907B-887CD36044C3}.Debug|x64.ActiveCfg = Debug|Any CPU
		{53B98445-DB7C-464C-907B-887CD36044C3}.Debug|x64.Build.0 = Debug|Any CPU
		{53B98445-DB7C-464C-907B-887CD36044C3}.Debug|x86.ActiveCfg = Debug|Any CPU
		{53B98445-DB7C-464C-907B-887CD36044C3}.Debug|x86.Build.0 = Debug|Any CPU
		{53B98445-DB7C-464C-907B-887CD36044C3}.Release|Any CPU.ActiveCfg = Release|Any CPU
		{53B98445-DB7C-464C-907B-887CD36044C3}.Release|Any CPU.Build.0 = Release|Any CPU
		{53B98445-DB7C-464C-907B-887CD36044C3}.Release|x64.ActiveCfg = Release|Any CPU
		{53B98445-DB7C-464C-907B-887CD36044C3}.Release|x64.Build.0 = Release|Any CPU
		{53B98445-DB7C-464C-907B-887CD36044C3}.Release|x86.ActiveCfg = Release|Any CPU
		{53B98445-DB7C-464C-907B-887CD36044C3}.Release|x86.Build.0 = Release|Any CPU
		{0E5A1A20-AFDB-4E5A-91EF-754D2E765646}.Debug|Any CPU.ActiveCfg = Debug|Any CPU
		{0E5A1A20-AFDB-4E5A-91EF-754D2E765646}.Debug|Any CPU.Build.0 = Debug|Any CPU
		{0E5A1A20-AFDB-4E5A-91EF-754D2E765646}.Debug|x64.ActiveCfg = Debug|Any CPU
		{0E5A1A20-AFDB-4E5A-91EF-754D2E765646}.Debug|x64.Build.0 = Debug|Any CPU
		{0E5A1A20-AFDB-4E5A-91EF-754D2E765646}.Debug|x86.ActiveCfg = Debug|Any CPU
		{0E5A1A20-AFDB-4E5A-91EF-754D2E765646}.Debug|x86.Build.0 = Debug|Any CPU
		{0E5A1A20-AFDB-4E5A-91EF-754D2E765646}.Release|Any CPU.ActiveCfg = Release|Any CPU
		{0E5A1A20-AFDB-4E5A-91EF-754D2E765646}.Release|Any CPU.Build.0 = Release|Any CPU
		{0E5A1A20-AFDB-4E5A-91EF-754D2E765646}.Release|x64.ActiveCfg = Release|Any CPU
		{0E5A1A20-AFDB-4E5A-91EF-754D2E765646}.Release|x64.Build.0 = Release|Any CPU
		{0E5A1A20-AFDB-4E5A-91EF-754D2E765646}.Release|x86.ActiveCfg = Release|Any CPU
		{0E5A1A20-AFDB-4E5A-91EF-754D2E765646}.Release|x86.Build.0 = Release|Any CPU
		{BC10EA53-F5FA-4CC3-A1DA-7978AF1FC3A5}.Debug|Any CPU.ActiveCfg = Debug|Any CPU
		{BC10EA53-F5FA-4CC3-A1DA-7978AF1FC3A5}.Debug|Any CPU.Build.0 = Debug|Any CPU
		{BC10EA53-F5FA-4CC3-A1DA-7978AF1FC3A5}.Debug|x64.ActiveCfg = Debug|Any CPU
		{BC10EA53-F5FA-4CC3-A1DA-7978AF1FC3A5}.Debug|x64.Build.0 = Debug|Any CPU
		{BC10EA53-F5FA-4CC3-A1DA-7978AF1FC3A5}.Debug|x86.ActiveCfg = Debug|Any CPU
		{BC10EA53-F5FA-4CC3-A1DA-7978AF1FC3A5}.Debug|x86.Build.0 = Debug|Any CPU
		{BC10EA53-F5FA-4CC3-A1DA-7978AF1FC3A5}.Release|Any CPU.ActiveCfg = Release|Any CPU
		{BC10EA53-F5FA-4CC3-A1DA-7978AF1FC3A5}.Release|Any CPU.Build.0 = Release|Any CPU
		{BC10EA53-F5FA-4CC3-A1DA-7978AF1FC3A5}.Release|x64.ActiveCfg = Release|Any CPU
		{BC10EA53-F5FA-4CC3-A1DA-7978AF1FC3A5}.Release|x64.Build.0 = Release|Any CPU
		{BC10EA53-F5FA-4CC3-A1DA-7978AF1FC3A5}.Release|x86.ActiveCfg = Release|Any CPU
		{BC10EA53-F5FA-4CC3-A1DA-7978AF1FC3A5}.Release|x86.Build.0 = Release|Any CPU
		{0D2387B4-AD8F-43DD-BC58-C65F444147DD}.Debug|Any CPU.ActiveCfg = Debug|Any CPU
		{0D2387B4-AD8F-43DD-BC58-C65F444147DD}.Debug|Any CPU.Build.0 = Debug|Any CPU
		{0D2387B4-AD8F-43DD-BC58-C65F444147DD}.Debug|x64.ActiveCfg = Debug|Any CPU
		{0D2387B4-AD8F-43DD-BC58-C65F444147DD}.Debug|x64.Build.0 = Debug|Any CPU
		{0D2387B4-AD8F-43DD-BC58-C65F444147DD}.Debug|x86.ActiveCfg = Debug|Any CPU
		{0D2387B4-AD8F-43DD-BC58-C65F444147DD}.Debug|x86.Build.0 = Debug|Any CPU
		{0D2387B4-AD8F-43DD-BC58-C65F444147DD}.Release|Any CPU.ActiveCfg = Release|Any CPU
		{0D2387B4-AD8F-43DD-BC58-C65F444147DD}.Release|Any CPU.Build.0 = Release|Any CPU
		{0D2387B4-AD8F-43DD-BC58-C65F444147DD}.Release|x64.ActiveCfg = Release|Any CPU
		{0D2387B4-AD8F-43DD-BC58-C65F444147DD}.Release|x64.Build.0 = Release|Any CPU
		{0D2387B4-AD8F-43DD-BC58-C65F444147DD}.Release|x86.ActiveCfg = Release|Any CPU
		{0D2387B4-AD8F-43DD-BC58-C65F444147DD}.Release|x86.Build.0 = Release|Any CPU
		{F9B576F5-171F-47D1-9FBC-9D6025DF1F76}.Debug|Any CPU.ActiveCfg = Debug|Any CPU
		{F9B576F5-171F-47D1-9FBC-9D6025DF1F76}.Debug|Any CPU.Build.0 = Debug|Any CPU
		{F9B576F5-171F-47D1-9FBC-9D6025DF1F76}.Debug|x64.ActiveCfg = Debug|Any CPU
		{F9B576F5-171F-47D1-9FBC-9D6025DF1F76}.Debug|x64.Build.0 = Debug|Any CPU
		{F9B576F5-171F-47D1-9FBC-9D6025DF1F76}.Debug|x86.ActiveCfg = Debug|Any CPU
		{F9B576F5-171F-47D1-9FBC-9D6025DF1F76}.Debug|x86.Build.0 = Debug|Any CPU
		{F9B576F5-171F-47D1-9FBC-9D6025DF1F76}.Release|Any CPU.ActiveCfg = Release|Any CPU
		{F9B576F5-171F-47D1-9FBC-9D6025DF1F76}.Release|Any CPU.Build.0 = Release|Any CPU
		{F9B576F5-171F-47D1-9FBC-9D6025DF1F76}.Release|x64.ActiveCfg = Release|Any CPU
		{F9B576F5-171F-47D1-9FBC-9D6025DF1F76}.Release|x64.Build.0 = Release|Any CPU
		{F9B576F5-171F-47D1-9FBC-9D6025DF1F76}.Release|x86.ActiveCfg = Release|Any CPU
		{F9B576F5-171F-47D1-9FBC-9D6025DF1F76}.Release|x86.Build.0 = Release|Any CPU
		{E87DFB87-9F62-44C3-A83A-676DF1E41840}.Debug|Any CPU.ActiveCfg = Debug|Any CPU
		{E87DFB87-9F62-44C3-A83A-676DF1E41840}.Debug|Any CPU.Build.0 = Debug|Any CPU
		{E87DFB87-9F62-44C3-A83A-676DF1E41840}.Debug|x64.ActiveCfg = Debug|Any CPU
		{E87DFB87-9F62-44C3-A83A-676DF1E41840}.Debug|x64.Build.0 = Debug|Any CPU
		{E87DFB87-9F62-44C3-A83A-676DF1E41840}.Debug|x86.ActiveCfg = Debug|Any CPU
		{E87DFB87-9F62-44C3-A83A-676DF1E41840}.Debug|x86.Build.0 = Debug|Any CPU
		{E87DFB87-9F62-44C3-A83A-676DF1E41840}.Release|Any CPU.ActiveCfg = Release|Any CPU
		{E87DFB87-9F62-44C3-A83A-676DF1E41840}.Release|Any CPU.Build.0 = Release|Any CPU
		{E87DFB87-9F62-44C3-A83A-676DF1E41840}.Release|x64.ActiveCfg = Release|Any CPU
		{E87DFB87-9F62-44C3-A83A-676DF1E41840}.Release|x64.Build.0 = Release|Any CPU
		{E87DFB87-9F62-44C3-A83A-676DF1E41840}.Release|x86.ActiveCfg = Release|Any CPU
		{E87DFB87-9F62-44C3-A83A-676DF1E41840}.Release|x86.Build.0 = Release|Any CPU
		{B3589137-E901-481E-991C-4A4A0B3676D6}.Debug|Any CPU.ActiveCfg = Debug|Any CPU
		{B3589137-E901-481E-991C-4A4A0B3676D6}.Debug|Any CPU.Build.0 = Debug|Any CPU
		{B3589137-E901-481E-991C-4A4A0B3676D6}.Debug|x64.ActiveCfg = Debug|Any CPU
		{B3589137-E901-481E-991C-4A4A0B3676D6}.Debug|x64.Build.0 = Debug|Any CPU
		{B3589137-E901-481E-991C-4A4A0B3676D6}.Debug|x86.ActiveCfg = Debug|Any CPU
		{B3589137-E901-481E-991C-4A4A0B3676D6}.Debug|x86.Build.0 = Debug|Any CPU
		{B3589137-E901-481E-991C-4A4A0B3676D6}.Release|Any CPU.ActiveCfg = Release|Any CPU
		{B3589137-E901-481E-991C-4A4A0B3676D6}.Release|Any CPU.Build.0 = Release|Any CPU
		{B3589137-E901-481E-991C-4A4A0B3676D6}.Release|x64.ActiveCfg = Release|Any CPU
		{B3589137-E901-481E-991C-4A4A0B3676D6}.Release|x64.Build.0 = Release|Any CPU
		{B3589137-E901-481E-991C-4A4A0B3676D6}.Release|x86.ActiveCfg = Release|Any CPU
		{B3589137-E901-481E-991C-4A4A0B3676D6}.Release|x86.Build.0 = Release|Any CPU
	EndGlobalSection
	GlobalSection(SolutionProperties) = preSolution
		HideSolutionNode = FALSE
	EndGlobalSection
	GlobalSection(NestedProjects) = preSolution
		{73B476A6-C775-450C-B986-B47E18F4FE1C} = {EC40B86C-FD5E-4E99-B735-A52FC99C70F5}
		{FA964A6B-3B4C-4E45-9083-E0C38EEC3C31} = {EC40B86C-FD5E-4E99-B735-A52FC99C70F5}
		{53B98445-DB7C-464C-907B-887CD36044C3} = {EC40B86C-FD5E-4E99-B735-A52FC99C70F5}
		{0E5A1A20-AFDB-4E5A-91EF-754D2E765646} = {0AB3BF05-4346-4AA6-1389-037BE0695223}
		{BC10EA53-F5FA-4CC3-A1DA-7978AF1FC3A5} = {0AB3BF05-4346-4AA6-1389-037BE0695223}
		{0D2387B4-AD8F-43DD-BC58-C65F444147DD} = {EC40B86C-FD5E-4E99-B735-A52FC99C70F5}
		{F9B576F5-171F-47D1-9FBC-9D6025DF1F76} = {0AB3BF05-4346-4AA6-1389-037BE0695223}
		{E87DFB87-9F62-44C3-A83A-676DF1E41840} = {EC40B86C-FD5E-4E99-B735-A52FC99C70F5}
		{B3589137-E901-481E-991C-4A4A0B3676D6} = {0AB3BF05-4346-4AA6-1389-037BE0695223}
	EndGlobalSection
EndGlobal
