
Microsoft Visual Studio Solution File, Format Version 12.00
# Visual Studio Version 17
VisualStudioVersion = 17.0.31903.59
MinimumVisualStudioVersion = 10.0.40219.1
Project("{2150E333-8FDC-42A3-9474-1A3956D46DE8}") = "src", "src", "{827E0CD3-B72D-47B6-A68D-7590B98EB39B}"
EndProject
Project("{FAE04EC0-301F-11D3-BF4B-00C04F79EFBC}") = "DeckOverflow.Engine", "src\DeckOverflow.Engine\DeckOverflow.Engine.csproj", "{66DB995B-743C-45A5-B4C2-1A2890B0935B}"
EndProject
Project("{FAE04EC0-301F-11D3-BF4B-00C04F79EFBC}") = "DeckOverflow.Web", "src\DeckOverflow.Web\DeckOverflow.Web.csproj", "{DF4B3B02-6111-4B42-A61A-44670AD43BF3}"
EndProject
Project("{2150E333-8FDC-42A3-9474-1A3956D46DE8}") = "tests", "tests", "{0AB3BF05-4346-4AA6-1389-037BE0695223}"
EndProject
Project("{FAE04EC0-301F-11D3-BF4B-00C04F79EFBC}") = "DeckOverflow.Engine.Tests", "tests\DeckOverflow.Engine.Tests\DeckOverflow.Engine.Tests.csproj", "{ABDE035E-9FCC-4240-8024-2613FF4084AC}"
EndProject
Global
	GlobalSection(SolutionConfigurationPlatforms) = preSolution
		Debug|Any CPU = Debug|Any CPU
		Debug|x64 = Debug|x64
		Debug|x86 = Debug|x86
		Release|Any CPU = Release|Any CPU
		Release|x64 = Release|x64
		Release|x86 = Release|x86
	EndGlobalSection
	GlobalSection(ProjectConfigurationPlatforms) = postSolution
		{66DB995B-743C-45A5-B4C2-1A2890B0935B}.Debug|Any CPU.ActiveCfg = Debug|Any CPU
		{66DB995B-743C-45A5-B4C2-1A2890B0935B}.Debug|Any CPU.Build.0 = Debug|Any CPU
		{66DB995B-743C-45A5-B4C2-1A2890B0935B}.Debug|x64.ActiveCfg = Debug|Any CPU
		{66DB995B-743C-45A5-B4C2-1A2890B0935B}.Debug|x64.Build.0 = Debug|Any CPU
		{66DB995B-743C-45A5-B4C2-1A2890B0935B}.Debug|x86.ActiveCfg = Debug|Any CPU
		{66DB995B-743C-45A5-B4C2-1A2890B0935B}.Debug|x86.Build.0 = Debug|Any CPU
		{66DB995B-743C-45A5-B4C2-1A2890B0935B}.Release|Any CPU.ActiveCfg = Release|Any CPU
		{66DB995B-743C-45A5-B4C2-1A2890B0935B}.Release|Any CPU.Build.0 = Release|Any CPU
		{66DB995B-743C-45A5-B4C2-1A2890B0935B}.Release|x64.ActiveCfg = Release|Any CPU
		{66DB995B-743C-45A5-B4C2-1A2890B0935B}.Release|x64.Build.0 = Release|Any CPU
		{66DB995B-743C-45A5-B4C2-1A2890B0935B}.Release|x86.ActiveCfg = Release|Any CPU
		{66DB995B-743C-45A5-B4C2-1A2890B0935B}.Release|x86.Build.0 = Release|Any CPU
		{DF4B3B02-6111-4B42-A61A-44670AD43BF3}.Debug|Any CPU.ActiveCfg = Debug|Any CPU
		{DF4B3B02-6111-4B42-A61A-44670AD43BF3}.Debug|Any CPU.Build.0 = Debug|Any CPU
		{DF4B3B02-6111-4B42-A61A-44670AD43BF3}.Debug|x64.ActiveCfg = Debug|Any CPU
		{DF4B3B02-6111-4B42-A61A-44670AD43BF3}.Debug|x64.Build.0 = Debug|Any CPU
		{DF4B3B02-6111-4B42-A61A-44670AD43BF3}.Debug|x86.ActiveCfg = Debug|Any CPU
		{DF4B3B02-6111-4B42-A61A-44670AD43BF3}.Debug|x86.Build.0 = Debug|Any CPU
		{DF4B3B02-6111-4B42-A61A-44670AD43BF3}.Release|Any CPU.ActiveCfg = Release|Any CPU
		{DF4B3B02-6111-4B42-A61A-44670AD43BF3}.Release|Any CPU.Build.0 = Release|Any CPU
		{DF4B3B02-6111-4B42-A61A-44670AD43BF3}.Release|x64.ActiveCfg = Release|Any CPU
		{DF4B3B02-6111-4B42-A61A-44670AD43BF3}.Release|x64.Build.0 = Release|Any CPU
		{DF4B3B02-6111-4B42-A61A-44670AD43BF3}.Release|x86.ActiveCfg = Release|Any CPU
		{DF4B3B02-6111-4B42-A61A-44670AD43BF3}.Release|x86.Build.0 = Release|Any CPU
		{ABDE035E-9FCC-4240-8024-2613FF4084AC}.Debug|Any CPU.ActiveCfg = Debug|Any CPU
		{ABDE035E-9FCC-4240-8024-2613FF4084AC}.Debug|Any CPU.Build.0 = Debug|Any CPU
		{ABDE035E-9FCC-4240-8024-2613FF4084AC}.Debug|x64.ActiveCfg = Debug|Any CPU
		{ABDE035E-9FCC-4240-8024-2613FF4084AC}.Debug|x64.Build.0 = Debug|Any CPU
		{ABDE035E-9FCC-4240-8024-2613FF4084AC}.Debug|x86.ActiveCfg = Debug|Any CPU
		{ABDE035E-9FCC-4240-8024-2613FF4084AC}.Debug|x86.Build.0 = Debug|Any CPU
		{ABDE035E-9FCC-4240-8024-2613FF4084AC}.Release|Any CPU.ActiveCfg = Release|Any CPU
		{ABDE035E-9FCC-4240-8024-2613FF4084AC}.Release|Any CPU.Build.0 = Release|Any CPU
		{ABDE035E-9FCC-4240-8024-2613FF4084AC}.Release|x64.ActiveCfg = Release|Any CPU
		{ABDE035E-9FCC-4240-8024-2613FF4084AC}.Release|x64.Build.0 = Release|Any CPU
		{ABDE035E-9FCC-4240-8024-2613FF4084AC}.Release|x86.ActiveCfg = Release|Any CPU
		{ABDE035E-9FCC-4240-8024-2613FF4084AC}.Release|x86.Build.0 = Release|Any CPU
	EndGlobalSection
	GlobalSection(SolutionProperties) = preSolution
		HideSolutionNode = FALSE
	EndGlobalSection
	GlobalSection(NestedProjects) = preSolution
		{66DB995B-743C-45A5-B4C2-1A2890B0935B} = {827E0CD3-B72D-47B6-A68D-7590B98EB39B}
		{DF4B3B02-6111-4B42-A61A-44670AD43BF3} = {827E0CD3-B72D-47B6-A68D-7590B98EB39B}
		{ABDE035E-9FCC-4240-8024-2613FF4084AC} = {0AB3BF05-4346-4AA6-1389-037BE0695223}
	EndGlobalSection
EndGlobal
