
Microsoft Visual Studio Solution File, Format Version 12.00
# Visual Studio Version 17
VisualStudioVersion = 17.0.31903.59
MinimumVisualStudioVersion = 10.0.40219.1
Project("{2150E333-8FDC-42A3-9474-1A3956D46DE8}") = "src", "src", "{827E0CD3-B72D-47B6-A68D-7590B98EB39B}"
EndProject
Project("{FAE04EC0-301F-11D3-BF4B-00C04F79EFBC}") = "DeckOverflow.Engine", "src\DeckOverflow.Engine\DeckOverflow.Engine.csproj", "{98B210B5-6230-4D97-A0A7-0BC6B16367B6}"
EndProject
Project("{FAE04EC0-301F-11D3-BF4B-00C04F79EFBC}") = "DeckOverflow.Web", "src\DeckOverflow.Web\DeckOverflow.Web.csproj", "{C76E35D9-5FDC-4F7D-98BC-A2155D4C606F}"
EndProject
Project("{2150E333-8FDC-42A3-9474-1A3956D46DE8}") = "tests", "tests", "{0AB3BF05-4346-4AA6-1389-037BE0695223}"
EndProject
Project("{FAE04EC0-301F-11D3-BF4B-00C04F79EFBC}") = "DeckOverflow.Engine.Tests", "tests\DeckOverflow.Engine.Tests\DeckOverflow.Engine.Tests.csproj", "{EF5F925B-DDF8-474D-A797-095C1C128DDC}"
EndProject
Global
	GlobalSection(SolutionConfigurationPlatforms) = preSolution
		Debug|Any CPU = Debug|Any CPU
		Debug|x64 = Debug|x64
		Debug|x86 = Debug|x86
		Release|Any CPU = Release|Any CPU
		Release|x64 = Release|x64
		Release|x86 = Release|x86
	EndGlobalSection
	GlobalSection(ProjectConfigurationPlatforms) = postSolution
		{98B210B5-6230-4D97-A0A7-0BC6B16367B6}.Debug|Any CPU.ActiveCfg = Debug|Any CPU
		{98B210B5-6230-4D97-A0A7-0BC6B16367B6}.Debug|Any CPU.Build.0 = Debug|Any CPU
		{98B210B5-6230-4D97-A0A7-0BC6B16367B6}.Debug|x64.ActiveCfg = Debug|Any CPU
		{98B210B5-6230-4D97-A0A7-0BC6B16367B6}.Debug|x64.Build.0 = Debug|Any CPU
		{98B210B5-6230-4D97-A0A7-0BC6B16367B6}.Debug|x86.ActiveCfg = Debug|Any CPU
		{98B210B5-6230-4D97-A0A7-0BC6B16367B6}.Debug|x86.Build.0 = Debug|Any CPU
		{98B210B5-6230-4D97-A0A7-0BC6B16367B6}.Release|Any CPU.ActiveCfg = Release|Any CPU
		{98B210B5-6230-4D97-A0A7-0BC6B16367B6}.Release|Any CPU.Build.0 = Release|Any CPU
		{98B210B5-6230-4D97-A0A7-0BC6B16367B6}.Release|x64.ActiveCfg = Release|Any CPU
		{98B210B5-6230-4D97-A0A7-0BC6B16367B6}.Release|x64.Build.0 = Release|Any CPU
		{98B210B5-6230-4D97-A0A7-0BC6B16367B6}.Release|x86.ActiveCfg = Release|Any CPU
		{98B210B5-6230-4D97-A0A7-0BC6B16367B6}.Release|x86.Build.0 = Release|Any CPU
		{C76E35D9-5FDC-4F7D-98BC-A2155D4C606F}.Debug|Any CPU.ActiveCfg = Debug|Any CPU
		{C76E35D9-5FDC-4F7D-98BC-A2155D4C606F}.Debug|Any CPU.Build.0 = Debug|Any CPU
		{C76E35D9-5FDC-4F7D-98BC-A2155D4C606F}.Debug|x64.ActiveCfg = Debug|Any CPU
		{C76E35D9-5FDC-4F7D-98BC-A2155D4C606F}.Debug|x64.Build.0 = Debug|Any CPU
		{C76E35D9-5FDC-4F7D-98BC-A2155D4C606F}.Debug|x86.ActiveCfg = Debug|Any CPU
		{C76E35D9-5FDC-4F7D-98BC-A2155D4C606F}.Debug|x86.Build.0 = Debug|Any CPU
		{C76E35D9-5FDC-4F7D-98BC-A2155D4C606F}.Release|Any CPU.ActiveCfg = Release|Any CPU
		{C76E35D9-5FDC-4F7D-98BC-A2155D4C606F}.Release|Any CPU.Build.0 = Release|Any CPU
		{C76E35D9-5FDC-4F7D-98BC-A2155D4C606F}.Release|x64.ActiveCfg = Release|Any CPU
		{C76E35D9-5FDC-4F7D-98BC-A2155D4C606F}.Release|x64.Build.0 = Release|Any CPU
		{C76E35D9-5FDC-4F7D-98BC-A2155D4C606F}.Release|x86.ActiveCfg = Release|Any CPU
		{C76E35D9-5FDC-4F7D-98BC-A2155D4C606F}.Release|x86.Build.0 = Release|Any CPU
		{EF5F925B-DDF8-474D-A797-095C1C128DDC}.Debug|Any CPU.ActiveCfg = Debug|Any CPU
		{EF5F925B-DDF8-474D-A797-095C1C128DDC}.Debug|Any CPU.Build.0 = Debug|Any CPU
		{EF5F925B-DDF8-474D-A797-095C1C128DDC}.Debug|x64.ActiveCfg = Debug|Any CPU
		{EF5F925B-DDF8-474D-A797-095C1C128DDC}.Debug|x64.Build.0 = Debug|Any CPU
		{EF5F925B-DDF8-474D-A797-095C1C128DDC}.Debug|x86.ActiveCfg = Debug|Any CPU
		{EF5F925B-DDF8-474D-A797-095C1C128DDC}.Debug|x86.Build.0 = Debug|Any CPU
		{EF5F925B-DDF8-474D-A797-095C1C128DDC}.Release|Any CPU.ActiveCfg = Release|Any CPU
		{EF5F925B-DDF8-474D-A797-095C1C128DDC}.Release|Any CPU.Build.0 = Release|Any CPU
		{EF5F925B-DDF8-474D-A797-095C1C128DDC}.Release|x64.ActiveCfg = Release|Any CPU
		{EF5F925B-DDF8-474D-A797-095C1C128DDC}.Release|x64.Build.0 = Release|Any CPU
		{EF5F925B-DDF8-474D-A797-095C1C128DDC}.Release|x86.ActiveCfg = Release|Any CPU
		{EF5F925B-DDF8-474D-A797-095C1C128DDC}.Release|x86.Build.0 = Release|Any CPU
	EndGlobalSection
	GlobalSection(SolutionProperties) = preSolution
		HideSolutionNode = FALSE
	EndGlobalSection
	GlobalSection(NestedProjects) = preSolution
		{98B210B5-6230-4D97-A0A7-0BC6B16367B6} = {827E0CD3-B72D-47B6-A68D-7590B98EB39B}
		{C76E35D9-5FDC-4F7D-98BC-A2155D4C606F} = {827E0CD3-B72D-47B6-A68D-7590B98EB39B}
		{EF5F925B-DDF8-474D-A797-095C1C128DDC} = {0AB3BF05-4346-4AA6-1389-037BE0695223}
	EndGlobalSection
EndGlobal
